
Microsoft Visual Studio Solution File, Format Version 12.00
# Visual Studio Version 17
VisualStudioVersion = 17.5.33414.496
MinimumVisualStudioVersion = 10.0.40219.1
Project("{FAE04EC0-301F-11D3-BF4B-00C04F79EFBC}") = "classtask", "classtask.csproj", "{E7C51877-FA04-452A-A45B-2E8888C710CF}"
EndProject
Global
	GlobalSection(SolutionConfigurationPlatforms) = preSolution
		Debug|Any CPU = Debug|Any CPU
		Release|Any CPU = Release|Any CPU
	EndGlobalSection
	GlobalSection(ProjectConfigurationPlatforms) = postSolution
		{E7C51877-FA04-452A-A45B-2E8888C710CF}.Debug|Any CPU.ActiveCfg = Debug|Any CPU
		{E7C51877-FA04-452A-A45B-2E8888C710CF}.Debug|Any CPU.Build.0 = Debug|Any CPU
		{E7C51877-FA04-452A-A45B-2E8888C710CF}.Release|Any CPU.ActiveCfg = Release|Any CPU
		{E7C51877-FA04-452A-A45B-2E8888C710CF}.Release|Any CPU.Build.0 = Release|Any CPU
	EndGlobalSection
	GlobalSection(SolutionProperties) = preSolution
		HideSolutionNode = FALSE
	EndGlobalSection
	GlobalSection(ExtensibilityGlobals) = postSolution
		SolutionGuid = {005F0521-54A6-481D-A2BA-44676DC1AA46}
	EndGlobalSection
EndGlobal
